// !$*UTF8*$!
{
	archiveVersion = 1;
	classes = {
	};
	objectVersion = 56;
	objects = {

/* Begin PBXBuildFile section */
		95448355D3BF8FE5B191CEFC /* AppDelegate.swift in Sources */ = {isa = PBXBuildFile; fileRef = 198E96797CED76BA4E0A5CB5 /* AppDelegate.swift */; };
		46E046375C9D3B265D54BA81 /* NSManualApplication.swift in Sources */ = {isa = PBXBuildFile; fileRef = 78AB67DFCA826870025D374E /* NSManualApplication.swift */; };
		D66F9E62FFA84646E48B159B /* main.swift in Sources */ = {isa = PBXBuildFile; fileRef = D6126D025B39C68E71517C17 /* main.swift */; };
		A711DC9CEE6BDB1E46DC7B41 /* AudioRecorder.swift in Sources */ = {isa = PBXBuildFile; fileRef = 772A8A8CF6FE32ADC4B8ADA7 /* AudioRecorder.swift */; };
		50015E15A832BD1C8DB87CD0 /* SilenceDetector.swift in Sources */ = {isa = PBXBuildFile; fileRef = C1FE6F8BDDABD956DA754F78 /* SilenceDetector.swift */; };
		5BA7378F8A20CA63B1551DB8 /* InputMethodConstants.swift in Sources */ = {isa = PBXBuildFile; fileRef = 142674318C4F726A250AB1F5 /* InputMethodConstants.swift */; };
		B3E3F433A7B8EC2DCDE96C87 /* VibeTypingInputController.swift in Sources */ = {isa = PBXBuildFile; fileRef = 73384B75C04E069728A1FE1E /* VibeTypingInputController.swift */; };
		F3D147E63AD542D25726A76D /* CorrectionPrompt.swift in Sources */ = {isa = PBXBuildFile; fileRef = 8193FD53EA7D863598115E49 /* CorrectionPrompt.swift */; };
		1F54C0D8F7D6B61860F51FAA /* LLMClient.swift in Sources */ = {isa = PBXBuildFile; fileRef = FC13597C1C2FEC3BD28EFCFF /* LLMClient.swift */; };
		A62470CEC49BC34FB45F0E21 /* PunctuationManager.swift in Sources */ = {isa = PBXBuildFile; fileRef = 1D8662A650C67BF02B607794 /* PunctuationManager.swift */; };
		3C84EC84E8D62548440CDC01 /* PunctuationSpacing.swift in Sources */ = {isa = PBXBuildFile; fileRef = BA191B758DCDCF34C1F52A5C /* PunctuationSpacing.swift */; };
		43F9A5FB73C338F15B084FD8 /* AppSettings.swift in Sources */ = {isa = PBXBuildFile; fileRef = C416578DB084472E0A0BFCA5 /* AppSettings.swift */; };
		4D3A50AE6A8C8103CF9D8E21 /* WhisperKitManager.swift in Sources */ = {isa = PBXBuildFile; fileRef = 1AF9EC8C0E74FA7BC89EF499 /* WhisperKitManager.swift */; };
		E5A8C5CF5F5621FFDAAEEFED /* ModelDownloadPanel.swift in Sources */ = {isa = PBXBuildFile; fileRef = 5D2F7E563D5C4DBBE20117C2 /* ModelDownloadPanel.swift */; };
		CA24477B3BC0E5102B07E66D /* SettingsView.swift in Sources */ = {isa = PBXBuildFile; fileRef = 4E114DF21E87D49D87FEB5DE /* SettingsView.swift */; };
		275CDBDC1E9B7BDE75F1BDBE /* StatusOverlayPanel.swift in Sources */ = {isa = PBXBuildFile; fileRef = A7987D153012708CD1600812 /* StatusOverlayPanel.swift */; };
		B22B77CAE5AE3299501F5D3D /* InputMethodKit.framework in Frameworks */ = {isa = PBXBuildFile; fileRef = 2893E7C614164B8D49E8012D /* InputMethodKit.framework */; };
		8A3C831EFFDB453B8C41DBCC /* AVFoundation.framework in Frameworks */ = {isa = PBXBuildFile; fileRef = 82CE16C7BE3716F3F14B1747 /* AVFoundation.framework */; };
		ECF4EE66A1AECD578A91D66E /* Carbon.framework in Frameworks */ = {isa = PBXBuildFile; fileRef = F7993A5F2060AF91B4E4D446 /* Carbon.framework */; };
		541AB1B752E0E5D23455F805 /* WhisperKit in Frameworks */ = {isa = PBXBuildFile; productRef = CBB399ACAF43FDEC3641E5DA /* WhisperKit */; };
		D9B7282C98394F93A076D822 /* sherpa-onnx in Frameworks */ = {isa = PBXBuildFile; productRef = 2FC5B4DCFAA82BF246242953 /* sherpa-onnx */; };
/* End PBXBuildFile section */

/* Begin PBXFileReference section */
		198E96797CED76BA4E0A5CB5 /* AppDelegate.swift */ = {isa = PBXFileReference; lastKnownFileType = sourcecode.swift; path = "AppDelegate.swift"; sourceTree = "<group>"; };
		78AB67DFCA826870025D374E /* NSManualApplication.swift */ = {isa = PBXFileReference; lastKnownFileType = sourcecode.swift; path = "NSManualApplication.swift"; sourceTree = "<group>"; };
		D6126D025B39C68E71517C17 /* main.swift */ = {isa = PBXFileReference; lastKnownFileType = sourcecode.swift; path = "main.swift"; sourceTree = "<group>"; };
		772A8A8CF6FE32ADC4B8ADA7 /* AudioRecorder.swift */ = {isa = PBXFileReference; lastKnownFileType = sourcecode.swift; path = "AudioRecorder.swift"; sourceTree = "<group>"; };
		C1FE6F8BDDABD956DA754F78 /* SilenceDetector.swift */ = {isa = PBXFileReference; lastKnownFileType = sourcecode.swift; path = "SilenceDetector.swift"; sourceTree = "<group>"; };
		142674318C4F726A250AB1F5 /* InputMethodConstants.swift */ = {isa = PBXFileReference; lastKnownFileType = sourcecode.swift; path = "InputMethodConstants.swift"; sourceTree = "<group>"; };
		73384B75C04E069728A1FE1E /* VibeTypingInputController.swift */ = {isa = PBXFileReference; lastKnownFileType = sourcecode.swift; path = "VibeTypingInputController.swift"; sourceTree = "<group>"; };
		8193FD53EA7D863598115E49 /* CorrectionPrompt.swift */ = {isa = PBXFileReference; lastKnownFileType = sourcecode.swift; path = "CorrectionPrompt.swift"; sourceTree = "<group>"; };
		FC13597C1C2FEC3BD28EFCFF /* LLMClient.swift */ = {isa = PBXFileReference; lastKnownFileType = sourcecode.swift; path = "LLMClient.swift"; sourceTree = "<group>"; };
		1D8662A650C67BF02B607794 /* PunctuationManager.swift */ = {isa = PBXFileReference; lastKnownFileType = sourcecode.swift; path = "PunctuationManager.swift"; sourceTree = "<group>"; };
		BA191B758DCDCF34C1F52A5C /* PunctuationSpacing.swift */ = {isa = PBXFileReference; lastKnownFileType = sourcecode.swift; path = "PunctuationSpacing.swift"; sourceTree = "<group>"; };
		C416578DB084472E0A0BFCA5 /* AppSettings.swift */ = {isa = PBXFileReference; lastKnownFileType = sourcecode.swift; path = "AppSettings.swift"; sourceTree = "<group>"; };
		1AF9EC8C0E74FA7BC89EF499 /* WhisperKitManager.swift */ = {isa = PBXFileReference; lastKnownFileType = sourcecode.swift; path = "WhisperKitManager.swift"; sourceTree = "<group>"; };
		5D2F7E563D5C4DBBE20117C2 /* ModelDownloadPanel.swift */ = {isa = PBXFileReference; lastKnownFileType = sourcecode.swift; path = "ModelDownloadPanel.swift"; sourceTree = "<group>"; };
		4E114DF21E87D49D87FEB5DE /* SettingsView.swift */ = {isa = PBXFileReference; lastKnownFileType = sourcecode.swift; path = "SettingsView.swift"; sourceTree = "<group>"; };
		A7987D153012708CD1600812 /* StatusOverlayPanel.swift */ = {isa = PBXFileReference; lastKnownFileType = sourcecode.swift; path = "StatusOverlayPanel.swift"; sourceTree = "<group>"; };
		A4D1C16EAEB6B8786131FD7D /* Info.plist */ = {isa = PBXFileReference; lastKnownFileType = text.plist.xml; path = "Info.plist"; sourceTree = "<group>"; };
		9D8DAD2DFE9049A2A1676201 /* VibeTyping.entitlements */ = {isa = PBXFileReference; lastKnownFileType = text.plist.entitlements; path = "VibeTyping.entitlements"; sourceTree = "<group>"; };
		E39608AABE3FC68885543500 /* VibeTyping.app */ = {isa = PBXFileReference; explicitFileType = wrapper.application; includeInIndex = 0; path = VibeTyping.app; sourceTree = BUILT_PRODUCTS_DIR; };
		2893E7C614164B8D49E8012D /* InputMethodKit.framework */ = {isa = PBXFileReference; lastKnownFileType = wrapper.framework; name = InputMethodKit.framework; path = System/Library/Frameworks/InputMethodKit.framework; sourceTree = SDKROOT; };
		82CE16C7BE3716F3F14B1747 /* AVFoundation.framework */ = {isa = PBXFileReference; lastKnownFileType = wrapper.framework; name = AVFoundation.framework; path = System/Library/Frameworks/AVFoundation.framework; sourceTree = SDKROOT; };
		F7993A5F2060AF91B4E4D446 /* Carbon.framework */ = {isa = PBXFileReference; lastKnownFileType = wrapper.framework; name = Carbon.framework; path = System/Library/Frameworks/Carbon.framework; sourceTree = SDKROOT; };
/* End PBXFileReference section */

/* Begin PBXFrameworksBuildPhase section */
		34D4596A8382600054F07F38 /* Frameworks */ = {
			isa = PBXFrameworksBuildPhase;
			buildActionMask = 2147483647;
			files = (
				B22B77CAE5AE3299501F5D3D /* InputMethodKit.framework in Frameworks */,
				8A3C831EFFDB453B8C41DBCC /* AVFoundation.framework in Frameworks */,
				ECF4EE66A1AECD578A91D66E /* Carbon.framework in Frameworks */,
				541AB1B752E0E5D23455F805 /* WhisperKit in Frameworks */,
				D9B7282C98394F93A076D822 /* sherpa-onnx in Frameworks */,
			);
			runOnlyForDeploymentPostprocessing = 0;
		};
/* End PBXFrameworksBuildPhase section */

/* Begin PBXGroup section */
		C1C9657A92A524E7DB5D6226 = {
			isa = PBXGroup;
			children = (
				62D71D559C047133A49B8203 /* VibeTyping */,
				20495CA8B3F30DE5AE1D2475 /* Frameworks */,
				A1488D738DAD9F4076A29D44 /* Products */,
			);
			sourceTree = "<group>";
		};
		A1488D738DAD9F4076A29D44 /* Products */ = {
			isa = PBXGroup;
			children = (
				E39608AABE3FC68885543500 /* VibeTyping.app */,
			);
			name = Products;
			sourceTree = "<group>";
		};
		20495CA8B3F30DE5AE1D2475 /* Frameworks */ = {
			isa = PBXGroup;
			children = (
				2893E7C614164B8D49E8012D /* InputMethodKit.framework */,
				82CE16C7BE3716F3F14B1747 /* AVFoundation.framework */,
				F7993A5F2060AF91B4E4D446 /* Carbon.framework */,
			);
			name = Frameworks;
			sourceTree = "<group>";
		};
		62D71D559C047133A49B8203 /* VibeTyping */ = {
			isa = PBXGroup;
			children = (
				76EA8884369A3F8F96BB33C5 /* App */,
				B7F505D315AAF5247897BD43 /* InputMethod */,
				6E07CAA93AFAA813E4C0246D /* Audio */,
				5616D9F2D3A823C7E7502680 /* Transcription */,
				DCD8F3DDA37DDEB79D4C3471 /* Punctuation */,
				964673F0E16F6FB0F0BF6A24 /* LLM */,
				DDFB22AE7CFBEA4F9DFBC520 /* UI */,
				288848C7486A89A995A83D5D /* Settings */,
				F842AA280BF4B73F651282BD /* Resources */,
			);
			path = VibeTyping;
			sourceTree = "<group>";
		};
		76EA8884369A3F8F96BB33C5 /* App */ = {
			isa = PBXGroup;
			children = (
				198E96797CED76BA4E0A5CB5 /* AppDelegate.swift */,
				78AB67DFCA826870025D374E /* NSManualApplication.swift */,
				D6126D025B39C68E71517C17 /* main.swift */,
			);
			path = App;
			sourceTree = "<group>";
		};
		B7F505D315AAF5247897BD43 /* InputMethod */ = {
			isa = PBXGroup;
			children = (
				142674318C4F726A250AB1F5 /* InputMethodConstants.swift */,
				73384B75C04E069728A1FE1E /* VibeTypingInputController.swift */,
			);
			path = InputMethod;
			sourceTree = "<group>";
		};
		6E07CAA93AFAA813E4C0246D /* Audio */ = {
			isa = PBXGroup;
			children = (
				772A8A8CF6FE32ADC4B8ADA7 /* AudioRecorder.swift */,
				C1FE6F8BDDABD956DA754F78 /* SilenceDetector.swift */,
			);
			path = Audio;
			sourceTree = "<group>";
		};
		5616D9F2D3A823C7E7502680 /* Transcription */ = {
			isa = PBXGroup;
			children = (
				1AF9EC8C0E74FA7BC89EF499 /* WhisperKitManager.swift */,
			);
			path = Transcription;
			sourceTree = "<group>";
		};
		DCD8F3DDA37DDEB79D4C3471 /* Punctuation */ = {
			isa = PBXGroup;
			children = (
				1D8662A650C67BF02B607794 /* PunctuationManager.swift */,
				BA191B758DCDCF34C1F52A5C /* PunctuationSpacing.swift */,
			);
			path = Punctuation;
			sourceTree = "<group>";
		};
		964673F0E16F6FB0F0BF6A24 /* LLM */ = {
			isa = PBXGroup;
			children = (
				8193FD53EA7D863598115E49 /* CorrectionPrompt.swift */,
				FC13597C1C2FEC3BD28EFCFF /* LLMClient.swift */,
			);
			path = LLM;
			sourceTree = "<group>";
		};
		DDFB22AE7CFBEA4F9DFBC520 /* UI */ = {
			isa = PBXGroup;
			children = (
				5D2F7E563D5C4DBBE20117C2 /* ModelDownloadPanel.swift */,
				4E114DF21E87D49D87FEB5DE /* SettingsView.swift */,
				A7987D153012708CD1600812 /* StatusOverlayPanel.swift */,
			);
			path = UI;
			sourceTree = "<group>";
		};
		288848C7486A89A995A83D5D /* Settings */ = {
			isa = PBXGroup;
			children = (
				C416578DB084472E0A0BFCA5 /* AppSettings.swift */,
			);
			path = Settings;
			sourceTree = "<group>";
		};
		F842AA280BF4B73F651282BD /* Resources */ = {
			isa = PBXGroup;
			children = (
				A4D1C16EAEB6B8786131FD7D /* Info.plist */,
				9D8DAD2DFE9049A2A1676201 /* VibeTyping.entitlements */,
			);
			path = Resources;
			sourceTree = "<group>";
		};
/* End PBXGroup section */

/* Begin PBXNativeTarget section */
		FAE1CFC4C424570BED20219A /* VibeTyping */ = {
			isa = PBXNativeTarget;
			buildConfigurationList = DFDD3EAAB13AA9441C1EBA35 /* Build configuration list for PBXNativeTarget "VibeTyping" */;
			buildPhases = (
				76B87133EA575A7A0DD2048E /* Sources */,
				34D4596A8382600054F07F38 /* Frameworks */,
				03A144755083016730CBB1E3 /* Resources */,
			);
			buildRules = (
			);
			dependencies = (
			);
			name = VibeTyping;
			packageProductDependencies = (
				CBB399ACAF43FDEC3641E5DA /* WhisperKit */,
				2FC5B4DCFAA82BF246242953 /* sherpa-onnx */,
			);
			productName = VibeTyping;
			productReference = E39608AABE3FC68885543500 /* VibeTyping.app */;
			productType = "com.apple.product-type.application";
		};
/* End PBXNativeTarget section */

/* Begin PBXProject section */
		E5D02C89AEE675760F51027C /* Project object */ = {
			isa = PBXProject;
			attributes = {
				BuildIndependentTargetsInParallel = 1;
				LastSwiftUpdateCheck = 1540;
				LastUpgradeCheck = 1540;
			};
			buildConfigurationList = D2B1A09D22546B418CA5DC6E /* Build configuration list for PBXProject "VibeTyping" */;
			compatibilityVersion = "Xcode 14.0";
			developmentRegion = "zh-Hant";
			hasScannedForEncodings = 0;
			knownRegions = (
				"zh-Hant",
				en,
				Base,
			);
			mainGroup = C1C9657A92A524E7DB5D6226;
			packageReferences = (
				214202E5895A2C7D4C7CDAA1 /* XCRemoteSwiftPackageReference "WhisperKit" */,
				B694B07E8BDA6A15DA9EB876 /* XCRemoteSwiftPackageReference "sherpa-onnx" */,
			);
			productRefGroup = A1488D738DAD9F4076A29D44 /* Products */;
			projectDirPath = "";
			projectRoot = "";
			targets = (
				FAE1CFC4C424570BED20219A /* VibeTyping */,
			);
		};
/* End PBXProject section */

/* Begin PBXResourcesBuildPhase section */
		03A144755083016730CBB1E3 /* Resources */ = {
			isa = PBXResourcesBuildPhase;
			buildActionMask = 2147483647;
			files = (
			);
			runOnlyForDeploymentPostprocessing = 0;
		};
/* End PBXResourcesBuildPhase section */

/* Begin PBXSourcesBuildPhase section */
		76B87133EA575A7A0DD2048E /* Sources */ = {
			isa = PBXSourcesBuildPhase;
			buildActionMask = 2147483647;
			files = (
				95448355D3BF8FE5B191CEFC /* AppDelegate.swift in Sources */,
				46E046375C9D3B265D54BA81 /* NSManualApplication.swift in Sources */,
				D66F9E62FFA84646E48B159B /* main.swift in Sources */,
				A711DC9CEE6BDB1E46DC7B41 /* AudioRecorder.swift in Sources */,
				50015E15A832BD1C8DB87CD0 /* SilenceDetector.swift in Sources */,
				5BA7378F8A20CA63B1551DB8 /* InputMethodConstants.swift in Sources */,
				B3E3F433A7B8EC2DCDE96C87 /* VibeTypingInputController.swift in Sources */,
				F3D147E63AD542D25726A76D /* CorrectionPrompt.swift in Sources */,
				1F54C0D8F7D6B61860F51FAA /* LLMClient.swift in Sources */,
				A62470CEC49BC34FB45F0E21 /* PunctuationManager.swift in Sources */,
				3C84EC84E8D62548440CDC01 /* PunctuationSpacing.swift in Sources */,
				43F9A5FB73C338F15B084FD8 /* AppSettings.swift in Sources */,
				4D3A50AE6A8C8103CF9D8E21 /* WhisperKitManager.swift in Sources */,
				E5A8C5CF5F5621FFDAAEEFED /* ModelDownloadPanel.swift in Sources */,
				CA24477B3BC0E5102B07E66D /* SettingsView.swift in Sources */,
				275CDBDC1E9B7BDE75F1BDBE /* StatusOverlayPanel.swift in Sources */,
			);
			runOnlyForDeploymentPostprocessing = 0;
		};
/* End PBXSourcesBuildPhase section */

/* Begin XCBuildConfiguration section */
		D4491104AB58EFD132A47514 /* Debug */ = {
			isa = XCBuildConfiguration;
			buildSettings = {
				ALWAYS_SEARCH_USER_PATHS = NO;
				CLANG_ANALYZER_NONNULL = YES;
				CLANG_ENABLE_MODULES = YES;
				CLANG_ENABLE_OBJC_ARC = YES;
				COPY_PHASE_STRIP = NO;
				DEBUG_INFORMATION_FORMAT = dwarf;
				ENABLE_STRICT_OBJC_MSGSEND = YES;
				ENABLE_TESTABILITY = YES;
				GCC_DYNAMIC_NO_PIC = NO;
				GCC_OPTIMIZATION_LEVEL = 0;
				GCC_PREPROCESSOR_DEFINITIONS = (
					"DEBUG=1",
					"$(inherited)",
				);
				MACOSX_DEPLOYMENT_TARGET = 14.0;
				MTL_ENABLE_DEBUG_INFO = INCLUDE_SOURCE;
				ONLY_ACTIVE_ARCH = YES;
				SDKROOT = macosx;
				SWIFT_ACTIVE_COMPILATION_CONDITIONS = DEBUG;
				SWIFT_OPTIMIZATION_LEVEL = "-Onone";
			};
			name = Debug;
		};
		69446EED62A4D21607477C93 /* Release */ = {
			isa = XCBuildConfiguration;
			buildSettings = {
				ALWAYS_SEARCH_USER_PATHS = NO;
				CLANG_ANALYZER_NONNULL = YES;
				CLANG_ENABLE_MODULES = YES;
				CLANG_ENABLE_OBJC_ARC = YES;
				COPY_PHASE_STRIP = NO;
				DEBUG_INFORMATION_FORMAT = "dwarf-with-dsym";
				ENABLE_NS_ASSERTIONS = NO;
				ENABLE_STRICT_OBJC_MSGSEND = YES;
				MACOSX_DEPLOYMENT_TARGET = 14.0;
				MTL_ENABLE_DEBUG_INFO = NO;
				SDKROOT = macosx;
				SWIFT_COMPILATION_MODE = wholemodule;
				SWIFT_OPTIMIZATION_LEVEL = "-O";
			};
			name = Release;
		};
		4A1672FA9BB1CD139A4EFCAC /* Debug */ = {
			isa = XCBuildConfiguration;
			buildSettings = {
				CODE_SIGN_ENTITLEMENTS = VibeTyping/Resources/VibeTyping.entitlements;
				CODE_SIGN_STYLE = Automatic;
				COMBINE_HIDPI_IMAGES = YES;
				CURRENT_PROJECT_VERSION = 1;
				GENERATE_INFOPLIST_FILE = NO;
				INFOPLIST_FILE = VibeTyping/Resources/Info.plist;
				MARKETING_VERSION = 1.0;
				PRODUCT_BUNDLE_IDENTIFIER = com.vibetyping.inputmethod.VibeTyping;
				PRODUCT_NAME = "$(TARGET_NAME)";
				SWIFT_EMIT_LOC_STRINGS = YES;
				SWIFT_VERSION = 5.0;
			};
			name = Debug;
		};
		A109A4565BBFF3DFEE35A06C /* Release */ = {
			isa = XCBuildConfiguration;
			buildSettings = {
				CODE_SIGN_ENTITLEMENTS = VibeTyping/Resources/VibeTyping.entitlements;
				CODE_SIGN_STYLE = Automatic;
				COMBINE_HIDPI_IMAGES = YES;
				CURRENT_PROJECT_VERSION = 1;
				GENERATE_INFOPLIST_FILE = NO;
				INFOPLIST_FILE = VibeTyping/Resources/Info.plist;
				MARKETING_VERSION = 1.0;
				PRODUCT_BUNDLE_IDENTIFIER = com.vibetyping.inputmethod.VibeTyping;
				PRODUCT_NAME = "$(TARGET_NAME)";
				SWIFT_EMIT_LOC_STRINGS = YES;
				SWIFT_VERSION = 5.0;
			};
			name = Release;
		};
/* End XCBuildConfiguration section */

/* Begin XCConfigurationList section */
		D2B1A09D22546B418CA5DC6E /* Build configuration list for PBXProject "VibeTyping" */ = {
			isa = XCConfigurationList;
			buildConfigurations = (
				D4491104AB58EFD132A47514 /* Debug */,
				69446EED62A4D21607477C93 /* Release */,
			);
			defaultConfigurationIsVisible = 0;
			defaultConfigurationName = Release;
		};
		DFDD3EAAB13AA9441C1EBA35 /* Build configuration list for PBXNativeTarget "VibeTyping" */ = {
			isa = XCConfigurationList;
			buildConfigurations = (
				4A1672FA9BB1CD139A4EFCAC /* Debug */,
				A109A4565BBFF3DFEE35A06C /* Release */,
			);
			defaultConfigurationIsVisible = 0;
			defaultConfigurationName = Release;
		};
/* End XCConfigurationList section */

/* Begin XCRemoteSwiftPackageReference section */
		214202E5895A2C7D4C7CDAA1 /* XCRemoteSwiftPackageReference "WhisperKit" */ = {
			isa = XCRemoteSwiftPackageReference;
			repositoryURL = "https://github.com/argmaxinc/WhisperKit.git";
			requirement = {
				kind = upToNextMajorVersion;
				minimumVersion = 0.9.0;
			};
		};
		B694B07E8BDA6A15DA9EB876 /* XCRemoteSwiftPackageReference "sherpa-onnx" */ = {
			isa = XCRemoteSwiftPackageReference;
			repositoryURL = "https://github.com/k2-fsa/sherpa-onnx.git";
			requirement = {
				kind = upToNextMinorVersion;
				minimumVersion = 1.13.7;
			};
		};
/* End XCRemoteSwiftPackageReference section */

/* Begin XCSwiftPackageProductDependency section */
		CBB399ACAF43FDEC3641E5DA /* WhisperKit */ = {
			isa = XCSwiftPackageProductDependency;
			package = 214202E5895A2C7D4C7CDAA1 /* XCRemoteSwiftPackageReference "WhisperKit" */;
			productName = WhisperKit;
		};
		2FC5B4DCFAA82BF246242953 /* sherpa-onnx */ = {
			isa = XCSwiftPackageProductDependency;
			package = B694B07E8BDA6A15DA9EB876 /* XCRemoteSwiftPackageReference "sherpa-onnx" */;
			productName = "sherpa-onnx";
		};
/* End XCSwiftPackageProductDependency section */

	};
	rootObject = E5D02C89AEE675760F51027C /* Project object */;
}
